{
  "name": "ewpratten.com",
  "lockfileVersion": 2,
  "requires": true,
  "packages": {
    "": {
      "dependencies": {
        "bootstrap": "^5.2.3",
        "github-markdown-css": "^5.1.0",
        "line-awesome": "^1.3.0"
      }
    },
    "node_modules/@popperjs/core": {
      "version": "2.11.6",
      "resolved": "https://registry.npmjs.org/@popperjs/core/-/core-2.11.6.tgz",
      "integrity": "sha512-50/17A98tWUfQ176raKiOGXuYpLyyVMkxxG6oylzL3BPOlA6ADGdK7EYunSa4I064xerltq9TGXs8HmOk5E+vw==",
      "peer": true,
      "funding": {
        "type": "opencollective",
        "url": "https://opencollective.com/popperjs"
      }
    },
    "node_modules/bootstrap": {
      "version": "5.2.3",
      "resolved": "https://registry.npmjs.org/bootstrap/-/bootstrap-5.2.3.tgz",
      "integrity": "sha512-cEKPM+fwb3cT8NzQZYEu4HilJ3anCrWqh3CHAok1p9jXqMPsPTBhU25fBckEJHJ/p+tTxTFTsFQGM+gaHpi3QQ==",
      "funding": [
        {
          "type": "github",
          "url": "https://github.com/sponsors/twbs"
        },
        {
          "type": "opencollective",
          "url": "https://opencollective.com/bootstrap"
        }
      ],
      "peerDependencies": {
        "@popperjs/core": "^2.11.6"
      }
    },
    "node_modules/github-markdown-css": {
      "version": "5.1.0",
      "resolved": "https://registry.npmjs.org/github-markdown-css/-/github-markdown-css-5.1.0.tgz",
      "integrity": "sha512-QLtORwHHtUHhPMHu7i4GKfP6Vx5CWZn+NKQXe+cBhslY1HEt0CTEkP4d/vSROKV0iIJSpl4UtlQ16AD8C6lMug==",
      "funding": {
        "url": "https://github.com/sponsors/sindresorhus"
      }
    },
    "node_modules/line-awesome": {
      "version": "1.3.0",
      "resolved": "https://registry.npmjs.org/line-awesome/-/line-awesome-1.3.0.tgz",
      "integrity": "sha512-Y0YHksL37ixDsHz+ihCwOtF5jwJgCDxQ3q+zOVgaSW8VugHGTsZZXMacPYZB1/JULBi6BAuTCTek+4ZY/UIwcw=="
    }
  },
  "dependencies": {
    "@popperjs/core": {
      "version": "2.11.6",
      "resolved": "https://registry.npmjs.org/@popperjs/core/-/core-2.11.6.tgz",
      "integrity": "sha512-50/17A98tWUfQ176raKiOGXuYpLyyVMkxxG6oylzL3BPOlA6ADGdK7EYunSa4I064xerltq9TGXs8HmOk5E+vw==",
      "peer": true
    },
    "bootstrap": {
      "version": "5.2.3",
      "resolved": "https://registry.npmjs.org/bootstrap/-/bootstrap-5.2.3.tgz",
      "integrity": "sha512-cEKPM+fwb3cT8NzQZYEu4HilJ3anCrWqh3CHAok1p9jXqMPsPTBhU25fBckEJHJ/p+tTxTFTsFQGM+gaHpi3QQ==",
      "requires": {}
    },
    "github-markdown-css": {
      "version": "5.1.0",
      "resolved": "https://registry.npmjs.org/github-markdown-css/-/github-markdown-css-5.1.0.tgz",
      "integrity": "sha512-QLtORwHHtUHhPMHu7i4GKfP6Vx5CWZn+NKQXe+cBhslY1HEt0CTEkP4d/vSROKV0iIJSpl4UtlQ16AD8C6lMug=="
    },
    "line-awesome": {
      "version": "1.3.0",
      "resolved": "https://registry.npmjs.org/line-awesome/-/line-awesome-1.3.0.tgz",
      "integrity": "sha512-Y0YHksL37ixDsHz+ihCwOtF5jwJgCDxQ3q+zOVgaSW8VugHGTsZZXMacPYZB1/JULBi6BAuTCTek+4ZY/UIwcw=="
    }
  }
}
